// !$*UTF8*$!
{
	archiveVersion = 1;
	classes = {
	};
	objectVersion = 51;
	objects = {

/* Begin PBXBuildFile section */
		145C108625F072F900FC8B28 /* AppDelegate.swift in Sources */ = {isa = PBXBuildFile; fileRef = 145C108525F072F900FC8B28 /* AppDelegate.swift */; };
		145C108825F072F900FC8B28 /* SceneDelegate.swift in Sources */ = {isa = PBXBuildFile; fileRef = 145C108725F072F900FC8B28 /* SceneDelegate.swift */; };
		145C108A25F072F900FC8B28 /* ViewController.swift in Sources */ = {isa = PBXBuildFile; fileRef = 145C108925F072F900FC8B28 /* ViewController.swift */; };
		145C108D25F072F900FC8B28 /* Main.storyboard in Resources */ = {isa = PBXBuildFile; fileRef = 145C108B25F072F900FC8B28 /* Main.storyboard */; };
		145C108F25F072FB00FC8B28 /* Assets.xcassets in Resources */ = {isa = PBXBuildFile; fileRef = 145C108E25F072FB00FC8B28 /* Assets.xcassets */; };
		145C109225F072FB00FC8B28 /* LaunchScreen.storyboard in Resources */ = {isa = PBXBuildFile; fileRef = 145C109025F072FB00FC8B28 /* LaunchScreen.storyboard */; };
		145C10A225F0C73F00FC8B28 /* ShareViewController.swift in Sources */ = {isa = PBXBuildFile; fileRef = 145C10A125F0C73F00FC8B28 /* ShareViewController.swift */; };
		D2502893E0E81E2434C49A10 /* Pods_OgiriApp.framework in Frameworks */ = {isa = PBXBuildFile; fileRef = 1B5A4F2FD4B7620C2E53147C /* Pods_OgiriApp.framework */; };
/* End PBXBuildFile section */

/* Begin PBXFileReference section */
		145C108225F072F900FC8B28 /* OgiriApp.app */ = {isa = PBXFileReference; explicitFileType = wrapper.application; includeInIndex = 0; path = OgiriApp.app; sourceTree = BUILT_PRODUCTS_DIR; };
		145C108525F072F900FC8B28 /* AppDelegate.swift */ = {isa = PBXFileReference; lastKnownFileType = sourcecode.swift; path = AppDelegate.swift; sourceTree = "<group>"; };
		145C108725F072F900FC8B28 /* SceneDelegate.swift */ = {isa = PBXFileReference; lastKnownFileType = sourcecode.swift; path = SceneDelegate.swift; sourceTree = "<group>"; };
		145C108925F072F900FC8B28 /* ViewController.swift */ = {isa = PBXFileReference; lastKnownFileType = sourcecode.swift; path = ViewController.swift; sourceTree = "<group>"; };
		145C108C25F072F900FC8B28 /* Base */ = {isa = PBXFileReference; lastKnownFileType = file.storyboard; name = Base; path = Base.lproj/Main.storyboard; sourceTree = "<group>"; };
		145C108E25F072FB00FC8B28 /* Assets.xcassets */ = {isa = PBXFileReference; lastKnownFileType = folder.assetcatalog; path = Assets.xcassets; sourceTree = "<group>"; };
		145C109125F072FB00FC8B28 /* Base */ = {isa = PBXFileReference; lastKnownFileType = file.storyboard; name = Base; path = Base.lproj/LaunchScreen.storyboard; sourceTree = "<group>"; };
		145C109325F072FB00FC8B28 /* Info.plist */ = {isa = PBXFileReference; lastKnownFileType = text.plist.xml; path = Info.plist; sourceTree = "<group>"; };
		145C10A125F0C73F00FC8B28 /* ShareViewController.swift */ = {isa = PBXFileReference; lastKnownFileType = sourcecode.swift; path = ShareViewController.swift; sourceTree = "<group>"; };
		1B5A4F2FD4B7620C2E53147C /* Pods_OgiriApp.framework */ = {isa = PBXFileReference; explicitFileType = wrapper.framework; includeInIndex = 0; path = Pods_OgiriApp.framework; sourceTree = BUILT_PRODUCTS_DIR; };
		77FF7D3929FE39D264002D84 /* Pods-OgiriApp.debug.xcconfig */ = {isa = PBXFileReference; includeInIndex = 1; lastKnownFileType = text.xcconfig; name = "Pods-OgiriApp.debug.xcconfig"; path = "Target Support Files/Pods-OgiriApp/Pods-OgiriApp.debug.xcconfig"; sourceTree = "<group>"; };
		B66F063633BD3E73F1651798 /* Pods-OgiriApp.release.xcconfig */ = {isa = PBXFileReference; includeInIndex = 1; lastKnownFileType = text.xcconfig; name = "Pods-OgiriApp.release.xcconfig"; path = "Target Support Files/Pods-OgiriApp/Pods-OgiriApp.release.xcconfig"; sourceTree = "<group>"; };
/* End PBXFileReference section */

/* Begin PBXFrameworksBuildPhase section */
		145C107F25F072F900FC8B28 /* Frameworks */ = {
			isa = PBXFrameworksBuildPhase;
			buildActionMask = 2147483647;
			files = (
				D2502893E0E81E2434C49A10 /* Pods_OgiriApp.framework in Frameworks */,
			);
			runOnlyForDeploymentPostprocessing = 0;
		};
/* End PBXFrameworksBuildPhase section */

/* Begin PBXGroup section */
		00B6B6497D87A6542EAF8343 /* Pods */ = {
			isa = PBXGroup;
			children = (
				77FF7D3929FE39D264002D84 /* Pods-OgiriApp.debug.xcconfig */,
				B66F063633BD3E73F1651798 /* Pods-OgiriApp.release.xcconfig */,
			);
			path = Pods;
			sourceTree = "<group>";
		};
		145C107925F072F900FC8B28 = {
			isa = PBXGroup;
			children = (
				145C108425F072F900FC8B28 /* OgiriApp */,
				145C108325F072F900FC8B28 /* Products */,
				00B6B6497D87A6542EAF8343 /* Pods */,
				A8E63EAA065A571103D7FF25 /* Frameworks */,
			);
			sourceTree = "<group>";
		};
		145C108325F072F900FC8B28 /* Products */ = {
			isa = PBXGroup;
			children = (
				145C108225F072F900FC8B28 /* OgiriApp.app */,
			);
			name = Products;
			sourceTree = "<group>";
		};
		145C108425F072F900FC8B28 /* OgiriApp */ = {
			isa = PBXGroup;
			children = (
				145C108525F072F900FC8B28 /* AppDelegate.swift */,
				145C108725F072F900FC8B28 /* SceneDelegate.swift */,
				145C108925F072F900FC8B28 /* ViewController.swift */,
				145C10A125F0C73F00FC8B28 /* ShareViewController.swift */,
				145C108B25F072F900FC8B28 /* Main.storyboard */,
				145C108E25F072FB00FC8B28 /* Assets.xcassets */,
				145C109025F072FB00FC8B28 /* LaunchScreen.storyboard */,
				145C109325F072FB00FC8B28 /* Info.plist */,
			);
			path = OgiriApp;
			sourceTree = "<group>";
		};
		A8E63EAA065A571103D7FF25 /* Frameworks */ = {
			isa = PBXGroup;
			children = (
				1B5A4F2FD4B7620C2E53147C /* Pods_OgiriApp.framework */,
			);
			name = Frameworks;
			sourceTree = "<group>";
		};
/* End PBXGroup section */

/* Begin PBXNativeTarget section */
		145C108125F072F900FC8B28 /* OgiriApp */ = {
			isa = PBXNativeTarget;
			buildConfigurationList = 145C109625F072FB00FC8B28 /* Build configuration list for PBXNativeTarget "OgiriApp" */;
			buildPhases = (
				DCC498BA825FE497559A1DBF /* [CP] Check Pods Manifest.lock */,
				145C107E25F072F900FC8B28 /* Sources */,
				145C107F25F072F900FC8B28 /* Frameworks */,
				145C108025F072F900FC8B28 /* Resources */,
				BF80D55907500F03C3A887EE /* [CP] Embed Pods Frameworks */,
			);
			buildRules = (
			);
			dependencies = (
			);
			name = OgiriApp;
			productName = OgiriApp;
			productReference = 145C108225F072F900FC8B28 /* OgiriApp.app */;
			productType = "com.apple.product-type.application";
		};
/* End PBXNativeTarget section */

/* Begin PBXProject section */
		145C107A25F072F900FC8B28 /* Project object */ = {
			isa = PBXProject;
			attributes = {
				LastSwiftUpdateCheck = 1240;
				LastUpgradeCheck = 1240;
				TargetAttributes = {
					145C108125F072F900FC8B28 = {
						CreatedOnToolsVersion = 12.4;
					};
				};
			};
			buildConfigurationList = 145C107D25F072F900FC8B28 /* Build configuration list for PBXProject "OgiriApp" */;
			compatibilityVersion = "Xcode 9.3";
			developmentRegion = en;
			hasScannedForEncodings = 0;
			knownRegions = (
				en,
				Base,
			);
			mainGroup = 145C107925F072F900FC8B28;
			productRefGroup = 145C108325F072F900FC8B28 /* Products */;
			projectDirPath = "";
			projectRoot = "";
			targets = (
				145C108125F072F900FC8B28 /* OgiriApp */,
			);
		};
/* End PBXProject section */

/* Begin PBXResourcesBuildPhase section */
		145C108025F072F900FC8B28 /* Resources */ = {
			isa = PBXResourcesBuildPhase;
			buildActionMask = 2147483647;
			files = (
				145C109225F072FB00FC8B28 /* LaunchScreen.storyboard in Resources */,
				145C108F25F072FB00FC8B28 /* Assets.xcassets in Resources */,
				145C108D25F072F900FC8B28 /* Main.storyboard in Resources */,
			);
			runOnlyForDeploymentPostprocessing = 0;
		};
/* End PBXResourcesBuildPhase section */

/* Begin PBXShellScriptBuildPhase section */
		BF80D55907500F03C3A887EE /* [CP] Embed Pods Frameworks */ = {
			isa = PBXShellScriptBuildPhase;
			buildActionMask = 2147483647;
			files = (
			);
			inputFileListPaths = (
				"${PODS_ROOT}/Target Support Files/Pods-OgiriApp/Pods-OgiriApp-frameworks-${CONFIGURATION}-input-files.xcfilelist",
			);
			name = "[CP] Embed Pods Frameworks";
			outputFileListPaths = (
				"${PODS_ROOT}/Target Support Files/Pods-OgiriApp/Pods-OgiriApp-frameworks-${CONFIGURATION}-output-files.xcfilelist",
			);
			runOnlyForDeploymentPostprocessing = 0;
			shellPath = /bin/sh;
			shellScript = "\"${PODS_ROOT}/Target Support Files/Pods-OgiriApp/Pods-OgiriApp-frameworks.sh\"\n";
			showEnvVarsInLog = 0;
		};
		DCC498BA825FE497559A1DBF /* [CP] Check Pods Manifest.lock */ = {
			isa = PBXShellScriptBuildPhase;
			buildActionMask = 2147483647;
			files = (
			);
			inputFileListPaths = (
			);
			inputPaths = (
				"${PODS_PODFILE_DIR_PATH}/Podfile.lock",
				"${PODS_ROOT}/Manifest.lock",
			);
			name = "[CP] Check Pods Manifest.lock";
			outputFileListPaths = (
			);
			outputPaths = (
				"$(DERIVED_FILE_DIR)/Pods-OgiriApp-checkManifestLockResult.txt",
			);
			runOnlyForDeploymentPostprocessing = 0;
			shellPath = /bin/sh;
			shellScript = "diff \"${PODS_PODFILE_DIR_PATH}/Podfile.lock\" \"${PODS_ROOT}/Manifest.lock\" > /dev/null\nif [ $? != 0 ] ; then\n    # print error to STDERR\n    echo \"error: The sandbox is not in sync with the Podfile.lock. Run 'pod install' or update your CocoaPods installation.\" >&2\n    exit 1\nfi\n# This output is used by Xcode 'outputs' to avoid re-running this script phase.\necho \"SUCCESS\" > \"${SCRIPT_OUTPUT_FILE_0}\"\n";
			showEnvVarsInLog = 0;
		};
/* End PBXShellScriptBuildPhase section */

/* Begin PBXSourcesBuildPhase section */
		145C107E25F072F900FC8B28 /* Sources */ = {
			isa = PBXSourcesBuildPhase;
			buildActionMask = 2147483647;
			files = (
				145C108A25F072F900FC8B28 /* ViewController.swift in Sources */,
				145C108625F072F900FC8B28 /* AppDelegate.swift in Sources */,
				145C10A225F0C73F00FC8B28 /* ShareViewController.swift in Sources */,
				145C108825F072F900FC8B28 /* SceneDelegate.swift in Sources */,
			);
			runOnlyForDeploymentPostprocessing = 0;
		};
/* End PBXSourcesBuildPhase section */

/* Begin PBXVariantGroup section */
		145C108B25F072F900FC8B28 /* Main.storyboard */ = {
			isa = PBXVariantGroup;
			children = (
				145C108C25F072F900FC8B28 /* Base */,
			);
			name = Main.storyboard;
			sourceTree = "<group>";
		};
		145C109025F072FB00FC8B28 /* LaunchScreen.storyboard */ = {
			isa = PBXVariantGroup;
			children = (
				145C109125F072FB00FC8B28 /* Base */,
			);
			name = LaunchScreen.storyboard;
			sourceTree = "<group>";
		};
/* End PBXVariantGroup section */

/* Begin XCBuildConfiguration section */
		145C109425F072FB00FC8B28 /* Debug */ = {
			isa = XCBuildConfiguration;
			buildSettings = {
				ALWAYS_SEARCH_USER_PATHS = NO;
				CLANG_ANALYZER_NONNULL = YES;
				CLANG_ANALYZER_NUMBER_OBJECT_CONVERSION = YES_AGGRESSIVE;
				CLANG_CXX_LANGUAGE_STANDARD = "gnu++14";
				CLANG_CXX_LIBRARY = "libc++";
				CLANG_ENABLE_MODULES = YES;
				CLANG_ENABLE_OBJC_ARC = YES;
				CLANG_ENABLE_OBJC_WEAK = YES;
				CLANG_WARN_BLOCK_CAPTURE_AUTORELEASING = YES;
				CLANG_WARN_BOOL_CONVERSION = YES;
				CLANG_WARN_COMMA = YES;
				CLANG_WARN_CONSTANT_CONVERSION = YES;
				CLANG_WARN_DEPRECATED_OBJC_IMPLEMENTATIONS = YES;
				CLANG_WARN_DIRECT_OBJC_ISA_USAGE = YES_ERROR;
				CLANG_WARN_DOCUMENTATION_COMMENTS = YES;
				CLANG_WARN_EMPTY_BODY = YES;
				CLANG_WARN_ENUM_CONVERSION = YES;
				CLANG_WARN_INFINITE_RECURSION = YES;
				CLANG_WARN_INT_CONVERSION = YES;
				CLANG_WARN_NON_LITERAL_NULL_CONVERSION = YES;
				CLANG_WARN_OBJC_IMPLICIT_RETAIN_SELF = YES;
				CLANG_WARN_OBJC_LITERAL_CONVERSION = YES;
				CLANG_WARN_OBJC_ROOT_CLASS = YES_ERROR;
				CLANG_WARN_QUOTED_INCLUDE_IN_FRAMEWORK_HEADER = YES;
				CLANG_WARN_RANGE_LOOP_ANALYSIS = YES;
				CLANG_WARN_STRICT_PROTOTYPES = YES;
				CLANG_WARN_SUSPICIOUS_MOVE = YES;
				CLANG_WARN_UNGUARDED_AVAILABILITY = YES_AGGRESSIVE;
				CLANG_WARN_UNREACHABLE_CODE = YES;
				CLANG_WARN__DUPLICATE_METHOD_MATCH = YES;
				COPY_PHASE_STRIP = NO;
				DEBUG_INFORMATION_FORMAT = dwarf;
				ENABLE_STRICT_OBJC_MSGSEND = YES;
				ENABLE_TESTABILITY = YES;
				GCC_C_LANGUAGE_STANDARD = gnu11;
				GCC_DYNAMIC_NO_PIC = NO;
				GCC_NO_COMMON_BLOCKS = YES;
				GCC_OPTIMIZATION_LEVEL = 0;
				GCC_PREPROCESSOR_DEFINITIONS = (
					"DEBUG=1",
					"$(inherited)",
				);
				GCC_WARN_64_TO_32_BIT_CONVERSION = YES;
				GCC_WARN_ABOUT_RETURN_TYPE = YES_ERROR;
				GCC_WARN_UNDECLARED_SELECTOR = YES;
				GCC_WARN_UNINITIALIZED_AUTOS = YES_AGGRESSIVE;
				GCC_WARN_UNUSED_FUNCTION = YES;
				GCC_WARN_UNUSED_VARIABLE = YES;
				IPHONEOS_DEPLOYMENT_TARGET = 14.4;
				MTL_ENABLE_DEBUG_INFO = INCLUDE_SOURCE;
				MTL_FAST_MATH = YES;
				ONLY_ACTIVE_ARCH = YES;
				SDKROOT = iphoneos;
				SWIFT_ACTIVE_COMPILATION_CONDITIONS = DEBUG;
				SWIFT_OPTIMIZATION_LEVEL = "-Onone";
			};
			name = Debug;
		};
		145C109525F072FB00FC8B28 /* Release */ = {
			isa = XCBuildConfiguration;
			buildSettings = {
				ALWAYS_SEARCH_USER_PATHS = NO;
				CLANG_ANALYZER_NONNULL = YES;
				CLANG_ANALYZER_NUMBER_OBJECT_CONVERSION = YES_AGGRESSIVE;
				CLANG_CXX_LANGUAGE_STANDARD = "gnu++14";
				CLANG_CXX_LIBRARY = "libc++";
				CLANG_ENABLE_MODULES = YES;
				CLANG_ENABLE_OBJC_ARC = YES;
				CLANG_ENABLE_OBJC_WEAK = YES;
				CLANG_WARN_BLOCK_CAPTURE_AUTORELEASING = YES;
				CLANG_WARN_BOOL_CONVERSION = YES;
				CLANG_WARN_COMMA = YES;
				CLANG_WARN_CONSTANT_CONVERSION = YES;
				CLANG_WARN_DEPRECATED_OBJC_IMPLEMENTATIONS = YES;
				CLANG_WARN_DIRECT_OBJC_ISA_USAGE = YES_ERROR;
				CLANG_WARN_DOCUMENTATION_COMMENTS = YES;
				CLANG_WARN_EMPTY_BODY = YES;
				CLANG_WARN_ENUM_CONVERSION = YES;
				CLANG_WARN_INFINITE_RECURSION = YES;
				CLANG_WARN_INT_CONVERSION = YES;
				CLANG_WARN_NON_LITERAL_NULL_CONVERSION = YES;
				CLANG_WARN_OBJC_IMPLICIT_RETAIN_SELF = YES;
				CLANG_WARN_OBJC_LITERAL_CONVERSION = YES;
				CLANG_WARN_OBJC_ROOT_CLASS = YES_ERROR;
				CLANG_WARN_QUOTED_INCLUDE_IN_FRAMEWORK_HEADER = YES;
				CLANG_WARN_RANGE_LOOP_ANALYSIS = YES;
				CLANG_WARN_STRICT_PROTOTYPES = YES;
				CLANG_WARN_SUSPICIOUS_MOVE = YES;
				CLANG_WARN_UNGUARDED_AVAILABILITY = YES_AGGRESSIVE;
				CLANG_WARN_UNREACHABLE_CODE = YES;
				CLANG_WARN__DUPLICATE_METHOD_MATCH = YES;
				COPY_PHASE_STRIP = NO;
				DEBUG_INFORMATION_FORMAT = "dwarf-with-dsym";
				ENABLE_NS_ASSERTIONS = NO;
				ENABLE_STRICT_OBJC_MSGSEND = YES;
				GCC_C_LANGUAGE_STANDARD = gnu11;
				GCC_NO_COMMON_BLOCKS = YES;
				GCC_WARN_64_TO_32_BIT_CONVERSION = YES;
				GCC_WARN_ABOUT_RETURN_TYPE = YES_ERROR;
				GCC_WARN_UNDECLARED_SELECTOR = YES;
				GCC_WARN_UNINITIALIZED_AUTOS = YES_AGGRESSIVE;
				GCC_WARN_UNUSED_FUNCTION = YES;
				GCC_WARN_UNUSED_VARIABLE = YES;
				IPHONEOS_DEPLOYMENT_TARGET = 14.4;
				MTL_ENABLE_DEBUG_INFO = NO;
				MTL_FAST_MATH = YES;
				SDKROOT = iphoneos;
				SWIFT_COMPILATION_MODE = wholemodule;
				SWIFT_OPTIMIZATION_LEVEL = "-O";
				VALIDATE_PRODUCT = YES;
			};
			name = Release;
		};
		145C109725F072FB00FC8B28 /* Debug */ = {
			isa = XCBuildConfiguration;
			baseConfigurationReference = 77FF7D3929FE39D264002D84 /* Pods-OgiriApp.debug.xcconfig */;
			buildSettings = {
				ASSETCATALOG_COMPILER_APPICON_NAME = AppIcon;
				ASSETCATALOG_COMPILER_GLOBAL_ACCENT_COLOR_NAME = AccentColor;
				CODE_SIGN_STYLE = Automatic;
				INFOPLIST_FILE = OgiriApp/Info.plist;
				LD_RUNPATH_SEARCH_PATHS = (
					"$(inherited)",
					"@executable_path/Frameworks",
				);
				PRODUCT_BUNDLE_IDENTIFIER = com.minatoinnetwork.OgiriApp;
				PRODUCT_NAME = "$(TARGET_NAME)";
				SWIFT_VERSION = 5.0;
				TARGETED_DEVICE_FAMILY = "1,2";
			};
			name = Debug;
		};
		145C109825F072FB00FC8B28 /* Release */ = {
			isa = XCBuildConfiguration;
			baseConfigurationReference = B66F063633BD3E73F1651798 /* Pods-OgiriApp.release.xcconfig */;
			buildSettings = {
				ASSETCATALOG_COMPILER_APPICON_NAME = AppIcon;
				ASSETCATALOG_COMPILER_GLOBAL_ACCENT_COLOR_NAME = AccentColor;
				CODE_SIGN_STYLE = Automatic;
				INFOPLIST_FILE = OgiriApp/Info.plist;
				LD_RUNPATH_SEARCH_PATHS = (
					"$(inherited)",
					"@executable_path/Frameworks",
				);
				PRODUCT_BUNDLE_IDENTIFIER = com.minatoinnetwork.OgiriApp;
				PRODUCT_NAME = "$(TARGET_NAME)";
				SWIFT_VERSION = 5.0;
				TARGETED_DEVICE_FAMILY = "1,2";
			};
			name = Release;
		};
/* End XCBuildConfiguration section */

/* Begin XCConfigurationList section */
		145C107D25F072F900FC8B28 /* Build configuration list for PBXProject "OgiriApp" */ = {
			isa = XCConfigurationList;
			buildConfigurations = (
				145C109425F072FB00FC8B28 /* Debug */,
				145C109525F072FB00FC8B28 /* Release */,
			);
			defaultConfigurationIsVisible = 0;
			defaultConfigurationName = Release;
		};
		145C109625F072FB00FC8B28 /* Build configuration list for PBXNativeTarget "OgiriApp" */ = {
			isa = XCConfigurationList;
			buildConfigurations = (
				145C109725F072FB00FC8B28 /* Debug */,
				145C109825F072FB00FC8B28 /* Release */,
			);
			defaultConfigurationIsVisible = 0;
			defaultConfigurationName = Release;
		};
/* End XCConfigurationList section */
	};
	rootObject = 145C107A25F072F900FC8B28 /* Project object */;
}
